
Microsoft Visual Studio Solution File, Format Version 12.00
# Visual Studio 15
VisualStudioVersion = 15.0.27130.2024
MinimumVisualStudioVersion = 10.0.40219.1
Project("{FAE04EC0-301F-11D3-BF4B-00C04F79EFBC}") = "ApplesGrainInterfaces", "ApplesGrainInterfaces\ApplesGrainInterfaces.csproj", "{D75ADF44-C86A-4294-86A3-7B51DC427868}"
EndProject
Project("{FAE04EC0-301F-11D3-BF4B-00C04F79EFBC}") = "ApplesGrains", "ApplesGrains\ApplesGrains.csproj", "{40A9FED8-4D54-4526-A411-FCCCD92665ED}"
EndProject
Project("{FAE04EC0-301F-11D3-BF4B-00C04F79EFBC}") = "BananasPoker", "BananasPoker\BananasPoker.csproj", "{18D4E425-C9E3-4C76-A774-6A505FEC4CAD}"
EndProject
Project("{FAE04EC0-301F-11D3-BF4B-00C04F79EFBC}") = "DebugSiloHost", "DebugSiloHost\DebugSiloHost.csproj", "{DF19CBBD-3DB4-423E-BDCC-EB2A5794817B}"
EndProject
Global
	GlobalSection(SolutionConfigurationPlatforms) = preSolution
		Debug|Any CPU = Debug|Any CPU
		Release|Any CPU = Release|Any CPU
	EndGlobalSection
	GlobalSection(ProjectConfigurationPlatforms) = postSolution
		{D75ADF44-C86A-4294-86A3-7B51DC427868}.Debug|Any CPU.ActiveCfg = Debug|Any CPU
		{D75ADF44-C86A-4294-86A3-7B51DC427868}.Debug|Any CPU.Build.0 = Debug|Any CPU
		{D75ADF44-C86A-4294-86A3-7B51DC427868}.Release|Any CPU.ActiveCfg = Release|Any CPU
		{D75ADF44-C86A-4294-86A3-7B51DC427868}.Release|Any CPU.Build.0 = Release|Any CPU
		{40A9FED8-4D54-4526-A411-FCCCD92665ED}.Debug|Any CPU.ActiveCfg = Debug|Any CPU
		{40A9FED8-4D54-4526-A411-FCCCD92665ED}.Debug|Any CPU.Build.0 = Debug|Any CPU
		{40A9FED8-4D54-4526-A411-FCCCD92665ED}.Release|Any CPU.ActiveCfg = Release|Any CPU
		{40A9FED8-4D54-4526-A411-FCCCD92665ED}.Release|Any CPU.Build.0 = Release|Any CPU
		{18D4E425-C9E3-4C76-A774-6A505FEC4CAD}.Debug|Any CPU.ActiveCfg = Debug|Any CPU
		{18D4E425-C9E3-4C76-A774-6A505FEC4CAD}.Debug|Any CPU.Build.0 = Debug|Any CPU
		{18D4E425-C9E3-4C76-A774-6A505FEC4CAD}.Release|Any CPU.ActiveCfg = Release|Any CPU
		{18D4E425-C9E3-4C76-A774-6A505FEC4CAD}.Release|Any CPU.Build.0 = Release|Any CPU
		{DF19CBBD-3DB4-423E-BDCC-EB2A5794817B}.Debug|Any CPU.ActiveCfg = Debug|Any CPU
		{DF19CBBD-3DB4-423E-BDCC-EB2A5794817B}.Debug|Any CPU.Build.0 = Debug|Any CPU
		{DF19CBBD-3DB4-423E-BDCC-EB2A5794817B}.Release|Any CPU.ActiveCfg = Release|Any CPU
		{DF19CBBD-3DB4-423E-BDCC-EB2A5794817B}.Release|Any CPU.Build.0 = Release|Any CPU
	EndGlobalSection
	GlobalSection(SolutionProperties) = preSolution
		HideSolutionNode = FALSE
	EndGlobalSection
	GlobalSection(ExtensibilityGlobals) = postSolution
		SolutionGuid = {3ED24926-FCA0-4C81-B0F3-6FDB223DC6C7}
	EndGlobalSection
EndGlobal
